
Microsoft Visual Studio Solution File, Format Version 12.00
# Visual Studio 15
VisualStudioVersion = 15.0.28307.271
MinimumVisualStudioVersion = 10.0.40219.1
Project("{FAE04EC0-301F-11D3-BF4B-00C04F79EFBC}") = "UsbMonitor", "UsbMonitor\UsbMonitor.csproj", "{328CE23F-F64A-4C31-98EE-FB845A295C3C}"
EndProject
Project("{FAE04EC0-301F-11D3-BF4B-00C04F79EFBC}") = "MonitorFormsGUI", "MonitorFormsGUI\MonitorFormsGUI.csproj", "{C9BD1B89-860F-49B0-8B6D-DDABA31FCBE1}"
EndProject
Global
	GlobalSection(SolutionConfigurationPlatforms) = preSolution
		Debug|Any CPU = Debug|Any CPU
		Release|Any CPU = Release|Any CPU
	EndGlobalSection
	GlobalSection(ProjectConfigurationPlatforms) = postSolution
		{328CE23F-F64A-4C31-98EE-FB845A295C3C}.Debug|Any CPU.ActiveCfg = Debug|Any CPU
		{328CE23F-F64A-4C31-98EE-FB845A295C3C}.Debug|Any CPU.Build.0 = Debug|Any CPU
		{328CE23F-F64A-4C31-98EE-FB845A295C3C}.Release|Any CPU.ActiveCfg = Release|Any CPU
		{328CE23F-F64A-4C31-98EE-FB845A295C3C}.Release|Any CPU.Build.0 = Release|Any CPU
		{C9BD1B89-860F-49B0-8B6D-DDABA31FCBE1}.Debug|Any CPU.ActiveCfg = Debug|Any CPU
		{C9BD1B89-860F-49B0-8B6D-DDABA31FCBE1}.Debug|Any CPU.Build.0 = Debug|Any CPU
		{C9BD1B89-860F-49B0-8B6D-DDABA31FCBE1}.Release|Any CPU.ActiveCfg = Release|Any CPU
		{C9BD1B89-860F-49B0-8B6D-DDABA31FCBE1}.Release|Any CPU.Build.0 = Release|Any CPU
	EndGlobalSection
	GlobalSection(SolutionProperties) = preSolution
		HideSolutionNode = FALSE
	EndGlobalSection
	GlobalSection(ExtensibilityGlobals) = postSolution
		SolutionGuid = {B6375085-6FAD-461E-861E-D82A787D2241}
	EndGlobalSection
EndGlobal
